// !$*UTF8*$!
{
	archiveVersion = 1;
	classes = {
	};
	objectVersion = 56;
	objects = {

/* Begin PBXBuildFile section */
		9D762CDE2AA5AFAA0008B01C /* TouristSwiftUIView.swift in Sources */ = {isa = PBXBuildFile; fileRef = 9D762CDD2AA5AFAA0008B01C /* TouristSwiftUIView.swift */; };
		9D9B50582A9FB6B9003F64DA /* AppDelegate.swift in Sources */ = {isa = PBXBuildFile; fileRef = 9D9B50572A9FB6B9003F64DA /* AppDelegate.swift */; };
		9D9B505A2A9FB6B9003F64DA /* SceneDelegate.swift in Sources */ = {isa = PBXBuildFile; fileRef = 9D9B50592A9FB6B9003F64DA /* SceneDelegate.swift */; };
		9D9B505C2A9FB6B9003F64DA /* ViewController.swift in Sources */ = {isa = PBXBuildFile; fileRef = 9D9B505B2A9FB6B9003F64DA /* ViewController.swift */; };
		9D9B505F2A9FB6B9003F64DA /* Main.storyboard in Resources */ = {isa = PBXBuildFile; fileRef = 9D9B505D2A9FB6B9003F64DA /* Main.storyboard */; };
		9D9B50612A9FB6BB003F64DA /* Assets.xcassets in Resources */ = {isa = PBXBuildFile; fileRef = 9D9B50602A9FB6BB003F64DA /* Assets.xcassets */; };
		9D9B50642A9FB6BB003F64DA /* LaunchScreen.storyboard in Resources */ = {isa = PBXBuildFile; fileRef = 9D9B50622A9FB6BB003F64DA /* LaunchScreen.storyboard */; };
		9D9B506E2A9FC256003F64DA /* BookingSiwftUIView.swift in Sources */ = {isa = PBXBuildFile; fileRef = 9D9B506D2A9FC256003F64DA /* BookingSiwftUIView.swift */; };
		9D9B50712A9FC31D003F64DA /* HotelBlock.swift in Sources */ = {isa = PBXBuildFile; fileRef = 9D9B50702A9FC31D003F64DA /* HotelBlock.swift */; };
		9D9B50732A9FC6F6003F64DA /* ColorsExtension.swift in Sources */ = {isa = PBXBuildFile; fileRef = 9D9B50722A9FC6F6003F64DA /* ColorsExtension.swift */; };
		9D9B50772A9FCCB8003F64DA /* BuyerInfoSwiftUIView.swift in Sources */ = {isa = PBXBuildFile; fileRef = 9D9B50762A9FCCB8003F64DA /* BuyerInfoSwiftUIView.swift */; };
		9D9B50792A9FCFF6003F64DA /* BookingInfoSwiftUIView.swift in Sources */ = {isa = PBXBuildFile; fileRef = 9D9B50782A9FCFF6003F64DA /* BookingInfoSwiftUIView.swift */; };
		9D9B507B2A9FD0CC003F64DA /* BookingInfoLine.swift in Sources */ = {isa = PBXBuildFile; fileRef = 9D9B507A2A9FD0CC003F64DA /* BookingInfoLine.swift */; };
		9D9B50802A9FDD05003F64DA /* PaySwiftUIView.swift in Sources */ = {isa = PBXBuildFile; fileRef = 9D9B507F2A9FDD05003F64DA /* PaySwiftUIView.swift */; };
		9D9B50832AA075D8003F64DA /* HotelPageApi.swift in Sources */ = {isa = PBXBuildFile; fileRef = 9D9B50822AA075D8003F64DA /* HotelPageApi.swift */; };
		9D9B50862AA076D4003F64DA /* HotelModel.swift in Sources */ = {isa = PBXBuildFile; fileRef = 9D9B50852AA076D4003F64DA /* HotelModel.swift */; };
		9D9B50882AA07C04003F64DA /* HotelImageSlider.swift in Sources */ = {isa = PBXBuildFile; fileRef = 9D9B50872AA07C04003F64DA /* HotelImageSlider.swift */; };
		9D9B508C2AA082D7003F64DA /* HotelPageImage.swift in Sources */ = {isa = PBXBuildFile; fileRef = 9D9B508B2AA082D7003F64DA /* HotelPageImage.swift */; };
		9D9B508E2AA084F3003F64DA /* Picture.swift in Sources */ = {isa = PBXBuildFile; fileRef = 9D9B508D2AA084F3003F64DA /* Picture.swift */; };
		9D9B50912AA0892A003F64DA /* HotelPageSwiftUIView.swift in Sources */ = {isa = PBXBuildFile; fileRef = 9D9B50902AA0892A003F64DA /* HotelPageSwiftUIView.swift */; };
		9D9B50942AA096F6003F64DA /* HotelViewModel.swift in Sources */ = {isa = PBXBuildFile; fileRef = 9D9B50932AA096F6003F64DA /* HotelViewModel.swift */; };
		9D9B50972AA09E83003F64DA /* HotelMainInfoSwiftUI.swift in Sources */ = {isa = PBXBuildFile; fileRef = 9D9B50962AA09E83003F64DA /* HotelMainInfoSwiftUI.swift */; };
		9D9B50992AA0B923003F64DA /* HotelDescriptionSwiftUi.swift in Sources */ = {isa = PBXBuildFile; fileRef = 9D9B50982AA0B923003F64DA /* HotelDescriptionSwiftUi.swift */; };
		9D9B509E2AA12524003F64DA /* RoomPageSwiftUIView.swift in Sources */ = {isa = PBXBuildFile; fileRef = 9D9B509D2AA12524003F64DA /* RoomPageSwiftUIView.swift */; };
		9D9B50A12AA1262A003F64DA /* RoomsPageAPI.swift in Sources */ = {isa = PBXBuildFile; fileRef = 9D9B50A02AA1262A003F64DA /* RoomsPageAPI.swift */; };
		9D9B50A42AA1266A003F64DA /* RoomsModel.swift in Sources */ = {isa = PBXBuildFile; fileRef = 9D9B50A32AA1266A003F64DA /* RoomsModel.swift */; };
		9D9B50A62AA12A67003F64DA /* RoomsViewModel.swift in Sources */ = {isa = PBXBuildFile; fileRef = 9D9B50A52AA12A67003F64DA /* RoomsViewModel.swift */; };
		9D9B50A82AA1DB14003F64DA /* PeculiaritiesSwiftUIView.swift in Sources */ = {isa = PBXBuildFile; fileRef = 9D9B50A72AA1DB14003F64DA /* PeculiaritiesSwiftUIView.swift */; };
		9DA81C6D2AA23143005278E5 /* BookingPageSwiftUIView.swift in Sources */ = {isa = PBXBuildFile; fileRef = 9DA81C6C2AA23143005278E5 /* BookingPageSwiftUIView.swift */; };
		9DA81C6F2AA24C58005278E5 /* TouristModel.swift in Sources */ = {isa = PBXBuildFile; fileRef = 9DA81C6E2AA24C58005278E5 /* TouristModel.swift */; };
		9DA81C712AA25BEF005278E5 /* TextFieldSwiftUIView.swift in Sources */ = {isa = PBXBuildFile; fileRef = 9DA81C702AA25BEF005278E5 /* TextFieldSwiftUIView.swift */; };
		9DA81C732AA26F08005278E5 /* BookingHotelModel.swift in Sources */ = {isa = PBXBuildFile; fileRef = 9DA81C722AA26F08005278E5 /* BookingHotelModel.swift */; };
		9DA81C752AA26FE6005278E5 /* BookingHotelAPI.swift in Sources */ = {isa = PBXBuildFile; fileRef = 9DA81C742AA26FE6005278E5 /* BookingHotelAPI.swift */; };
		9DA81C772AA2710F005278E5 /* BookingHotelViewModel.swift in Sources */ = {isa = PBXBuildFile; fileRef = 9DA81C762AA2710F005278E5 /* BookingHotelViewModel.swift */; };
		9DA81C7A2AA2904A005278E5 /* CoordinatorProtocol.swift in Sources */ = {isa = PBXBuildFile; fileRef = 9DA81C792AA2904A005278E5 /* CoordinatorProtocol.swift */; };
		9DA81C7D2AA29099005278E5 /* ApplicationCoordinator.swift in Sources */ = {isa = PBXBuildFile; fileRef = 9DA81C7C2AA29099005278E5 /* ApplicationCoordinator.swift */; };
		9DA81C852AA4731D005278E5 /* HotelPageImageAPI.swift in Sources */ = {isa = PBXBuildFile; fileRef = 9DA81C842AA4731D005278E5 /* HotelPageImageAPI.swift */; };
		9DA81C872AA4BC92005278E5 /* PecularitiesSwiftUIView.swift in Sources */ = {isa = PBXBuildFile; fileRef = 9DA81C862AA4BC92005278E5 /* PecularitiesSwiftUIView.swift */; };
		9DA81C892AA4BDD4005278E5 /* TestPecSwiftUIView.swift in Sources */ = {isa = PBXBuildFile; fileRef = 9DA81C882AA4BDD4005278E5 /* TestPecSwiftUIView.swift */; };
/* End PBXBuildFile section */

/* Begin PBXFileReference section */
		9D762CDD2AA5AFAA0008B01C /* TouristSwiftUIView.swift */ = {isa = PBXFileReference; lastKnownFileType = sourcecode.swift; path = TouristSwiftUIView.swift; sourceTree = "<group>"; };
		9D9B50542A9FB6B9003F64DA /* TestHotelApp.app */ = {isa = PBXFileReference; explicitFileType = wrapper.application; includeInIndex = 0; path = TestHotelApp.app; sourceTree = BUILT_PRODUCTS_DIR; };
		9D9B50572A9FB6B9003F64DA /* AppDelegate.swift */ = {isa = PBXFileReference; lastKnownFileType = sourcecode.swift; path = AppDelegate.swift; sourceTree = "<group>"; };
		9D9B50592A9FB6B9003F64DA /* SceneDelegate.swift */ = {isa = PBXFileReference; lastKnownFileType = sourcecode.swift; path = SceneDelegate.swift; sourceTree = "<group>"; };
		9D9B505B2A9FB6B9003F64DA /* ViewController.swift */ = {isa = PBXFileReference; lastKnownFileType = sourcecode.swift; path = ViewController.swift; sourceTree = "<group>"; };
		9D9B505E2A9FB6B9003F64DA /* Base */ = {isa = PBXFileReference; lastKnownFileType = file.storyboard; name = Base; path = Base.lproj/Main.storyboard; sourceTree = "<group>"; };
		9D9B50602A9FB6BB003F64DA /* Assets.xcassets */ = {isa = PBXFileReference; lastKnownFileType = folder.assetcatalog; path = Assets.xcassets; sourceTree = "<group>"; };
		9D9B50632A9FB6BB003F64DA /* Base */ = {isa = PBXFileReference; lastKnownFileType = file.storyboard; name = Base; path = Base.lproj/LaunchScreen.storyboard; sourceTree = "<group>"; };
		9D9B50652A9FB6BB003F64DA /* Info.plist */ = {isa = PBXFileReference; lastKnownFileType = text.plist.xml; path = Info.plist; sourceTree = "<group>"; };
		9D9B506D2A9FC256003F64DA /* BookingSiwftUIView.swift */ = {isa = PBXFileReference; lastKnownFileType = sourcecode.swift; path = BookingSiwftUIView.swift; sourceTree = "<group>"; };
		9D9B50702A9FC31D003F64DA /* HotelBlock.swift */ = {isa = PBXFileReference; lastKnownFileType = sourcecode.swift; path = HotelBlock.swift; sourceTree = "<group>"; };
		9D9B50722A9FC6F6003F64DA /* ColorsExtension.swift */ = {isa = PBXFileReference; lastKnownFileType = sourcecode.swift; path = ColorsExtension.swift; sourceTree = "<group>"; };
		9D9B50762A9FCCB8003F64DA /* BuyerInfoSwiftUIView.swift */ = {isa = PBXFileReference; lastKnownFileType = sourcecode.swift; path = BuyerInfoSwiftUIView.swift; sourceTree = "<group>"; };
		9D9B50782A9FCFF6003F64DA /* BookingInfoSwiftUIView.swift */ = {isa = PBXFileReference; lastKnownFileType = sourcecode.swift; path = BookingInfoSwiftUIView.swift; sourceTree = "<group>"; };
		9D9B507A2A9FD0CC003F64DA /* BookingInfoLine.swift */ = {isa = PBXFileReference; lastKnownFileType = sourcecode.swift; path = BookingInfoLine.swift; sourceTree = "<group>"; };
		9D9B507F2A9FDD05003F64DA /* PaySwiftUIView.swift */ = {isa = PBXFileReference; lastKnownFileType = sourcecode.swift; path = PaySwiftUIView.swift; sourceTree = "<group>"; };
		9D9B50822AA075D8003F64DA /* HotelPageApi.swift */ = {isa = PBXFileReference; lastKnownFileType = sourcecode.swift; path = HotelPageApi.swift; sourceTree = "<group>"; };
		9D9B50852AA076D4003F64DA /* HotelModel.swift */ = {isa = PBXFileReference; lastKnownFileType = sourcecode.swift; path = HotelModel.swift; sourceTree = "<group>"; };
		9D9B50872AA07C04003F64DA /* HotelImageSlider.swift */ = {isa = PBXFileReference; lastKnownFileType = sourcecode.swift; path = HotelImageSlider.swift; sourceTree = "<group>"; };
		9D9B508B2AA082D7003F64DA /* HotelPageImage.swift */ = {isa = PBXFileReference; lastKnownFileType = sourcecode.swift; path = HotelPageImage.swift; sourceTree = "<group>"; };
		9D9B508D2AA084F3003F64DA /* Picture.swift */ = {isa = PBXFileReference; lastKnownFileType = sourcecode.swift; path = Picture.swift; sourceTree = "<group>"; };
		9D9B50902AA0892A003F64DA /* HotelPageSwiftUIView.swift */ = {isa = PBXFileReference; lastKnownFileType = sourcecode.swift; path = HotelPageSwiftUIView.swift; sourceTree = "<group>"; };
		9D9B50932AA096F6003F64DA /* HotelViewModel.swift */ = {isa = PBXFileReference; lastKnownFileType = sourcecode.swift; path = HotelViewModel.swift; sourceTree = "<group>"; };
		9D9B50962AA09E83003F64DA /* HotelMainInfoSwiftUI.swift */ = {isa = PBXFileReference; lastKnownFileType = sourcecode.swift; path = HotelMainInfoSwiftUI.swift; sourceTree = "<group>"; };
		9D9B50982AA0B923003F64DA /* HotelDescriptionSwiftUi.swift */ = {isa = PBXFileReference; lastKnownFileType = sourcecode.swift; path = HotelDescriptionSwiftUi.swift; sourceTree = "<group>"; };
		9D9B509D2AA12524003F64DA /* RoomPageSwiftUIView.swift */ = {isa = PBXFileReference; lastKnownFileType = sourcecode.swift; path = RoomPageSwiftUIView.swift; sourceTree = "<group>"; };
		9D9B50A02AA1262A003F64DA /* RoomsPageAPI.swift */ = {isa = PBXFileReference; lastKnownFileType = sourcecode.swift; path = RoomsPageAPI.swift; sourceTree = "<group>"; };
		9D9B50A32AA1266A003F64DA /* RoomsModel.swift */ = {isa = PBXFileReference; lastKnownFileType = sourcecode.swift; path = RoomsModel.swift; sourceTree = "<group>"; };
		9D9B50A52AA12A67003F64DA /* RoomsViewModel.swift */ = {isa = PBXFileReference; lastKnownFileType = sourcecode.swift; path = RoomsViewModel.swift; sourceTree = "<group>"; };
		9D9B50A72AA1DB14003F64DA /* PeculiaritiesSwiftUIView.swift */ = {isa = PBXFileReference; lastKnownFileType = sourcecode.swift; path = PeculiaritiesSwiftUIView.swift; sourceTree = "<group>"; };
		9DA81C6C2AA23143005278E5 /* BookingPageSwiftUIView.swift */ = {isa = PBXFileReference; lastKnownFileType = sourcecode.swift; path = BookingPageSwiftUIView.swift; sourceTree = "<group>"; };
		9DA81C6E2AA24C58005278E5 /* TouristModel.swift */ = {isa = PBXFileReference; lastKnownFileType = sourcecode.swift; path = TouristModel.swift; sourceTree = "<group>"; };
		9DA81C702AA25BEF005278E5 /* TextFieldSwiftUIView.swift */ = {isa = PBXFileReference; lastKnownFileType = sourcecode.swift; path = TextFieldSwiftUIView.swift; sourceTree = "<group>"; };
		9DA81C722AA26F08005278E5 /* BookingHotelModel.swift */ = {isa = PBXFileReference; lastKnownFileType = sourcecode.swift; path = BookingHotelModel.swift; sourceTree = "<group>"; };
		9DA81C742AA26FE6005278E5 /* BookingHotelAPI.swift */ = {isa = PBXFileReference; lastKnownFileType = sourcecode.swift; path = BookingHotelAPI.swift; sourceTree = "<group>"; };
		9DA81C762AA2710F005278E5 /* BookingHotelViewModel.swift */ = {isa = PBXFileReference; lastKnownFileType = sourcecode.swift; path = BookingHotelViewModel.swift; sourceTree = "<group>"; };
		9DA81C792AA2904A005278E5 /* CoordinatorProtocol.swift */ = {isa = PBXFileReference; lastKnownFileType = sourcecode.swift; path = CoordinatorProtocol.swift; sourceTree = "<group>"; };
		9DA81C7C2AA29099005278E5 /* ApplicationCoordinator.swift */ = {isa = PBXFileReference; lastKnownFileType = sourcecode.swift; path = ApplicationCoordinator.swift; sourceTree = "<group>"; };
		9DA81C842AA4731D005278E5 /* HotelPageImageAPI.swift */ = {isa = PBXFileReference; lastKnownFileType = sourcecode.swift; path = HotelPageImageAPI.swift; sourceTree = "<group>"; };
		9DA81C862AA4BC92005278E5 /* PecularitiesSwiftUIView.swift */ = {isa = PBXFileReference; lastKnownFileType = sourcecode.swift; path = PecularitiesSwiftUIView.swift; sourceTree = "<group>"; };
		9DA81C882AA4BDD4005278E5 /* TestPecSwiftUIView.swift */ = {isa = PBXFileReference; lastKnownFileType = sourcecode.swift; path = TestPecSwiftUIView.swift; sourceTree = "<group>"; };
/* End PBXFileReference section */

/* Begin PBXFrameworksBuildPhase section */
		9D9B50512A9FB6B9003F64DA /* Frameworks */ = {
			isa = PBXFrameworksBuildPhase;
			buildActionMask = 2147483647;
			files = (
			);
			runOnlyForDeploymentPostprocessing = 0;
		};
/* End PBXFrameworksBuildPhase section */

/* Begin PBXGroup section */
		9D9B504B2A9FB6B9003F64DA = {
			isa = PBXGroup;
			children = (
				9D9B50562A9FB6B9003F64DA /* TestHotelApp */,
				9D9B50552A9FB6B9003F64DA /* Products */,
			);
			sourceTree = "<group>";
		};
		9D9B50552A9FB6B9003F64DA /* Products */ = {
			isa = PBXGroup;
			children = (
				9D9B50542A9FB6B9003F64DA /* TestHotelApp.app */,
			);
			name = Products;
			sourceTree = "<group>";
		};
		9D9B50562A9FB6B9003F64DA /* TestHotelApp */ = {
			isa = PBXGroup;
			children = (
				9D9B50572A9FB6B9003F64DA /* AppDelegate.swift */,
				9D9B50592A9FB6B9003F64DA /* SceneDelegate.swift */,
				9D9B505B2A9FB6B9003F64DA /* ViewController.swift */,
				9DA81C862AA4BC92005278E5 /* PecularitiesSwiftUIView.swift */,
				9DA81C882AA4BDD4005278E5 /* TestPecSwiftUIView.swift */,
				9D9B50872AA07C04003F64DA /* HotelImageSlider.swift */,
				9D9B508B2AA082D7003F64DA /* HotelPageImage.swift */,
				9D9B50A72AA1DB14003F64DA /* PeculiaritiesSwiftUIView.swift */,
				9DA81C7B2AA2907B005278E5 /* Coordinators */,
				9D9B508D2AA084F3003F64DA /* Picture.swift */,
				9DA81C782AA29030005278E5 /* CoordinatorProtocols */,
				9D9B506D2A9FC256003F64DA /* BookingSiwftUIView.swift */,
				9DA81C672AA230FA005278E5 /* BookingPage */,
				9D9B508F2AA0890D003F64DA /* HotelPage */,
				9D9B509A2AA12368003F64DA /* RoomsPage */,
				9D9B507C2A9FDCDB003F64DA /* PaySwiftUIView */,
				9D9B506F2A9FC2FE003F64DA /* BookingSwiftUIView */,
				9D9B505D2A9FB6B9003F64DA /* Main.storyboard */,
				9D9B507A2A9FD0CC003F64DA /* BookingInfoLine.swift */,
				9D9B50722A9FC6F6003F64DA /* ColorsExtension.swift */,
				9D9B50602A9FB6BB003F64DA /* Assets.xcassets */,
				9D9B50622A9FB6BB003F64DA /* LaunchScreen.storyboard */,
				9D9B50652A9FB6BB003F64DA /* Info.plist */,
			);
			path = TestHotelApp;
			sourceTree = "<group>";
		};
		9D9B506F2A9FC2FE003F64DA /* BookingSwiftUIView */ = {
			isa = PBXGroup;
			children = (
				9D9B50702A9FC31D003F64DA /* HotelBlock.swift */,
				9D9B50762A9FCCB8003F64DA /* BuyerInfoSwiftUIView.swift */,
				9D9B50782A9FCFF6003F64DA /* BookingInfoSwiftUIView.swift */,
			);
			path = BookingSwiftUIView;
			sourceTree = "<group>";
		};
		9D9B507C2A9FDCDB003F64DA /* PaySwiftUIView */ = {
			isa = PBXGroup;
			children = (
				9D9B507F2A9FDD05003F64DA /* PaySwiftUIView.swift */,
			);
			path = PaySwiftUIView;
			sourceTree = "<group>";
		};
		9D9B50812AA075C6003F64DA /* API */ = {
			isa = PBXGroup;
			children = (
				9D9B50822AA075D8003F64DA /* HotelPageApi.swift */,
				9DA81C842AA4731D005278E5 /* HotelPageImageAPI.swift */,
			);
			path = API;
			sourceTree = "<group>";
		};
		9D9B50842AA076C3003F64DA /* Models */ = {
			isa = PBXGroup;
			children = (
				9D9B50852AA076D4003F64DA /* HotelModel.swift */,
			);
			path = Models;
			sourceTree = "<group>";
		};
		9D9B508F2AA0890D003F64DA /* HotelPage */ = {
			isa = PBXGroup;
			children = (
				9D9B50902AA0892A003F64DA /* HotelPageSwiftUIView.swift */,
				9D9B50842AA076C3003F64DA /* Models */,
				9D9B50812AA075C6003F64DA /* API */,
				9D9B50952AA09D0E003F64DA /* View */,
				9D9B50922AA096E0003F64DA /* ViewModel */,
			);
			path = HotelPage;
			sourceTree = "<group>";
		};
		9D9B50922AA096E0003F64DA /* ViewModel */ = {
			isa = PBXGroup;
			children = (
				9D9B50932AA096F6003F64DA /* HotelViewModel.swift */,
			);
			path = ViewModel;
			sourceTree = "<group>";
		};
		9D9B50952AA09D0E003F64DA /* View */ = {
			isa = PBXGroup;
			children = (
				9D9B50962AA09E83003F64DA /* HotelMainInfoSwiftUI.swift */,
				9D9B50982AA0B923003F64DA /* HotelDescriptionSwiftUi.swift */,
			);
			path = View;
			sourceTree = "<group>";
		};
		9D9B509A2AA12368003F64DA /* RoomsPage */ = {
			isa = PBXGroup;
			children = (
				9D9B509D2AA12524003F64DA /* RoomPageSwiftUIView.swift */,
				9D9B50A22AA12658003F64DA /* Models */,
				9D9B509F2AA1260D003F64DA /* API */,
				9D9B509C2AA124C3003F64DA /* ViewModel */,
				9D9B509B2AA124BD003F64DA /* View */,
			);
			path = RoomsPage;
			sourceTree = "<group>";
		};
		9D9B509B2AA124BD003F64DA /* View */ = {
			isa = PBXGroup;
			children = (
			);
			path = View;
			sourceTree = "<group>";
		};
		9D9B509C2AA124C3003F64DA /* ViewModel */ = {
			isa = PBXGroup;
			children = (
				9D9B50A52AA12A67003F64DA /* RoomsViewModel.swift */,
			);
			path = ViewModel;
			sourceTree = "<group>";
		};
		9D9B509F2AA1260D003F64DA /* API */ = {
			isa = PBXGroup;
			children = (
				9D9B50A02AA1262A003F64DA /* RoomsPageAPI.swift */,
			);
			path = API;
			sourceTree = "<group>";
		};
		9D9B50A22AA12658003F64DA /* Models */ = {
			isa = PBXGroup;
			children = (
				9D9B50A32AA1266A003F64DA /* RoomsModel.swift */,
			);
			path = Models;
			sourceTree = "<group>";
		};
		9DA81C672AA230FA005278E5 /* BookingPage */ = {
			isa = PBXGroup;
			children = (
				9DA81C6C2AA23143005278E5 /* BookingPageSwiftUIView.swift */,
				9DA81C6B2AA23130005278E5 /* Models */,
				9DA81C6A2AA23126005278E5 /* API */,
				9DA81C692AA23119005278E5 /* Views */,
				9DA81C682AA2310C005278E5 /* ViewModel */,
			);
			path = BookingPage;
			sourceTree = "<group>";
		};
		9DA81C682AA2310C005278E5 /* ViewModel */ = {
			isa = PBXGroup;
			children = (
				9DA81C762AA2710F005278E5 /* BookingHotelViewModel.swift */,
			);
			path = ViewModel;
			sourceTree = "<group>";
		};
		9DA81C692AA23119005278E5 /* Views */ = {
			isa = PBXGroup;
			children = (
				9DA81C702AA25BEF005278E5 /* TextFieldSwiftUIView.swift */,
				9D762CDD2AA5AFAA0008B01C /* TouristSwiftUIView.swift */,
			);
			path = Views;
			sourceTree = "<group>";
		};
		9DA81C6A2AA23126005278E5 /* API */ = {
			isa = PBXGroup;
			children = (
				9DA81C742AA26FE6005278E5 /* BookingHotelAPI.swift */,
			);
			path = API;
			sourceTree = "<group>";
		};
		9DA81C6B2AA23130005278E5 /* Models */ = {
			isa = PBXGroup;
			children = (
				9DA81C6E2AA24C58005278E5 /* TouristModel.swift */,
				9DA81C722AA26F08005278E5 /* BookingHotelModel.swift */,
			);
			path = Models;
			sourceTree = "<group>";
		};
		9DA81C782AA29030005278E5 /* CoordinatorProtocols */ = {
			isa = PBXGroup;
			children = (
				9DA81C792AA2904A005278E5 /* CoordinatorProtocol.swift */,
			);
			path = CoordinatorProtocols;
			sourceTree = "<group>";
		};
		9DA81C7B2AA2907B005278E5 /* Coordinators */ = {
			isa = PBXGroup;
			children = (
				9DA81C7C2AA29099005278E5 /* ApplicationCoordinator.swift */,
			);
			path = Coordinators;
			sourceTree = "<group>";
		};
/* End PBXGroup section */

/* Begin PBXNativeTarget section */
		9D9B50532A9FB6B9003F64DA /* TestHotelApp */ = {
			isa = PBXNativeTarget;
			buildConfigurationList = 9D9B50682A9FB6BB003F64DA /* Build configuration list for PBXNativeTarget "TestHotelApp" */;
			buildPhases = (
				9D9B50502A9FB6B9003F64DA /* Sources */,
				9D9B50512A9FB6B9003F64DA /* Frameworks */,
				9D9B50522A9FB6B9003F64DA /* Resources */,
			);
			buildRules = (
			);
			dependencies = (
			);
			name = TestHotelApp;
			productName = TestHotelApp;
			productReference = 9D9B50542A9FB6B9003F64DA /* TestHotelApp.app */;
			productType = "com.apple.product-type.application";
		};
/* End PBXNativeTarget section */

/* Begin PBXProject section */
		9D9B504C2A9FB6B9003F64DA /* Project object */ = {
			isa = PBXProject;
			attributes = {
				BuildIndependentTargetsInParallel = 1;
				LastSwiftUpdateCheck = 1430;
				LastUpgradeCheck = 1430;
				TargetAttributes = {
					9D9B50532A9FB6B9003F64DA = {
						CreatedOnToolsVersion = 14.3.1;
					};
				};
			};
			buildConfigurationList = 9D9B504F2A9FB6B9003F64DA /* Build configuration list for PBXProject "TestHotelApp" */;
			compatibilityVersion = "Xcode 14.0";
			developmentRegion = en;
			hasScannedForEncodings = 0;
			knownRegions = (
				en,
				Base,
			);
			mainGroup = 9D9B504B2A9FB6B9003F64DA;
			productRefGroup = 9D9B50552A9FB6B9003F64DA /* Products */;
			projectDirPath = "";
			projectRoot = "";
			targets = (
				9D9B50532A9FB6B9003F64DA /* TestHotelApp */,
			);
		};
/* End PBXProject section */

/* Begin PBXResourcesBuildPhase section */
		9D9B50522A9FB6B9003F64DA /* Resources */ = {
			isa = PBXResourcesBuildPhase;
			buildActionMask = 2147483647;
			files = (
				9D9B50642A9FB6BB003F64DA /* LaunchScreen.storyboard in Resources */,
				9D9B50612A9FB6BB003F64DA /* Assets.xcassets in Resources */,
				9D9B505F2A9FB6B9003F64DA /* Main.storyboard in Resources */,
			);
			runOnlyForDeploymentPostprocessing = 0;
		};
/* End PBXResourcesBuildPhase section */

/* Begin PBXSourcesBuildPhase section */
		9D9B50502A9FB6B9003F64DA /* Sources */ = {
			isa = PBXSourcesBuildPhase;
			buildActionMask = 2147483647;
			files = (
				9D9B505C2A9FB6B9003F64DA /* ViewController.swift in Sources */,
				9D762CDE2AA5AFAA0008B01C /* TouristSwiftUIView.swift in Sources */,
				9D9B50972AA09E83003F64DA /* HotelMainInfoSwiftUI.swift in Sources */,
				9D9B50A82AA1DB14003F64DA /* PeculiaritiesSwiftUIView.swift in Sources */,
				9DA81C7A2AA2904A005278E5 /* CoordinatorProtocol.swift in Sources */,
				9D9B50862AA076D4003F64DA /* HotelModel.swift in Sources */,
				9DA81C892AA4BDD4005278E5 /* TestPecSwiftUIView.swift in Sources */,
				9DA81C712AA25BEF005278E5 /* TextFieldSwiftUIView.swift in Sources */,
				9D9B50942AA096F6003F64DA /* HotelViewModel.swift in Sources */,
				9D9B50732A9FC6F6003F64DA /* ColorsExtension.swift in Sources */,
				9DA81C852AA4731D005278E5 /* HotelPageImageAPI.swift in Sources */,
				9DA81C872AA4BC92005278E5 /* PecularitiesSwiftUIView.swift in Sources */,
				9D9B50992AA0B923003F64DA /* HotelDescriptionSwiftUi.swift in Sources */,
				9D9B50802A9FDD05003F64DA /* PaySwiftUIView.swift in Sources */,
				9D9B50A62AA12A67003F64DA /* RoomsViewModel.swift in Sources */,
				9D9B50582A9FB6B9003F64DA /* AppDelegate.swift in Sources */,
				9D9B50882AA07C04003F64DA /* HotelImageSlider.swift in Sources */,
				9D9B50832AA075D8003F64DA /* HotelPageApi.swift in Sources */,
				9D9B50912AA0892A003F64DA /* HotelPageSwiftUIView.swift in Sources */,
				9DA81C7D2AA29099005278E5 /* ApplicationCoordinator.swift in Sources */,
				9D9B50712A9FC31D003F64DA /* HotelBlock.swift in Sources */,
				9DA81C6F2AA24C58005278E5 /* TouristModel.swift in Sources */,
				9DA81C732AA26F08005278E5 /* BookingHotelModel.swift in Sources */,
				9D9B506E2A9FC256003F64DA /* BookingSiwftUIView.swift in Sources */,
				9D9B507B2A9FD0CC003F64DA /* BookingInfoLine.swift in Sources */,
				9DA81C772AA2710F005278E5 /* BookingHotelViewModel.swift in Sources */,
				9D9B508C2AA082D7003F64DA /* HotelPageImage.swift in Sources */,
				9D9B505A2A9FB6B9003F64DA /* SceneDelegate.swift in Sources */,
				9D9B50A42AA1266A003F64DA /* RoomsModel.swift in Sources */,
				9D9B509E2AA12524003F64DA /* RoomPageSwiftUIView.swift in Sources */,
				9D9B50772A9FCCB8003F64DA /* BuyerInfoSwiftUIView.swift in Sources */,
				9DA81C752AA26FE6005278E5 /* BookingHotelAPI.swift in Sources */,
				9DA81C6D2AA23143005278E5 /* BookingPageSwiftUIView.swift in Sources */,
				9D9B50A12AA1262A003F64DA /* RoomsPageAPI.swift in Sources */,
				9D9B508E2AA084F3003F64DA /* Picture.swift in Sources */,
				9D9B50792A9FCFF6003F64DA /* BookingInfoSwiftUIView.swift in Sources */,
			);
			runOnlyForDeploymentPostprocessing = 0;
		};
/* End PBXSourcesBuildPhase section */

/* Begin PBXVariantGroup section */
		9D9B505D2A9FB6B9003F64DA /* Main.storyboard */ = {
			isa = PBXVariantGroup;
			children = (
				9D9B505E2A9FB6B9003F64DA /* Base */,
			);
			name = Main.storyboard;
			sourceTree = "<group>";
		};
		9D9B50622A9FB6BB003F64DA /* LaunchScreen.storyboard */ = {
			isa = PBXVariantGroup;
			children = (
				9D9B50632A9FB6BB003F64DA /* Base */,
			);
			name = LaunchScreen.storyboard;
			sourceTree = "<group>";
		};
/* End PBXVariantGroup section */

/* Begin XCBuildConfiguration section */
		9D9B50662A9FB6BB003F64DA /* Debug */ = {
			isa = XCBuildConfiguration;
			buildSettings = {
				ALWAYS_SEARCH_USER_PATHS = NO;
				CLANG_ANALYZER_NONNULL = YES;
				CLANG_ANALYZER_NUMBER_OBJECT_CONVERSION = YES_AGGRESSIVE;
				CLANG_CXX_LANGUAGE_STANDARD = "gnu++20";
				CLANG_ENABLE_MODULES = YES;
				CLANG_ENABLE_OBJC_ARC = YES;
				CLANG_ENABLE_OBJC_WEAK = YES;
				CLANG_WARN_BLOCK_CAPTURE_AUTORELEASING = YES;
				CLANG_WARN_BOOL_CONVERSION = YES;
				CLANG_WARN_COMMA = YES;
				CLANG_WARN_CONSTANT_CONVERSION = YES;
				CLANG_WARN_DEPRECATED_OBJC_IMPLEMENTATIONS = YES;
				CLANG_WARN_DIRECT_OBJC_ISA_USAGE = YES_ERROR;
				CLANG_WARN_DOCUMENTATION_COMMENTS = YES;
				CLANG_WARN_EMPTY_BODY = YES;
				CLANG_WARN_ENUM_CONVERSION = YES;
				CLANG_WARN_INFINITE_RECURSION = YES;
				CLANG_WARN_INT_CONVERSION = YES;
				CLANG_WARN_NON_LITERAL_NULL_CONVERSION = YES;
				CLANG_WARN_OBJC_IMPLICIT_RETAIN_SELF = YES;
				CLANG_WARN_OBJC_LITERAL_CONVERSION = YES;
				CLANG_WARN_OBJC_ROOT_CLASS = YES_ERROR;
				CLANG_WARN_QUOTED_INCLUDE_IN_FRAMEWORK_HEADER = YES;
				CLANG_WARN_RANGE_LOOP_ANALYSIS = YES;
				CLANG_WARN_STRICT_PROTOTYPES = YES;
				CLANG_WARN_SUSPICIOUS_MOVE = YES;
				CLANG_WARN_UNGUARDED_AVAILABILITY = YES_AGGRESSIVE;
				CLANG_WARN_UNREACHABLE_CODE = YES;
				CLANG_WARN__DUPLICATE_METHOD_MATCH = YES;
				COPY_PHASE_STRIP = NO;
				DEBUG_INFORMATION_FORMAT = dwarf;
				ENABLE_STRICT_OBJC_MSGSEND = YES;
				ENABLE_TESTABILITY = YES;
				GCC_C_LANGUAGE_STANDARD = gnu11;
				GCC_DYNAMIC_NO_PIC = NO;
				GCC_NO_COMMON_BLOCKS = YES;
				GCC_OPTIMIZATION_LEVEL = 0;
				GCC_PREPROCESSOR_DEFINITIONS = (
					"DEBUG=1",
					"$(inherited)",
				);
				GCC_WARN_64_TO_32_BIT_CONVERSION = YES;
				GCC_WARN_ABOUT_RETURN_TYPE = YES_ERROR;
				GCC_WARN_UNDECLARED_SELECTOR = YES;
				GCC_WARN_UNINITIALIZED_AUTOS = YES_AGGRESSIVE;
				GCC_WARN_UNUSED_FUNCTION = YES;
				GCC_WARN_UNUSED_VARIABLE = YES;
				IPHONEOS_DEPLOYMENT_TARGET = 16.4;
				MTL_ENABLE_DEBUG_INFO = INCLUDE_SOURCE;
				MTL_FAST_MATH = YES;
				ONLY_ACTIVE_ARCH = YES;
				SDKROOT = iphoneos;
				SWIFT_ACTIVE_COMPILATION_CONDITIONS = DEBUG;
				SWIFT_OPTIMIZATION_LEVEL = "-Onone";
			};
			name = Debug;
		};
		9D9B50672A9FB6BB003F64DA /* Release */ = {
			isa = XCBuildConfiguration;
			buildSettings = {
				ALWAYS_SEARCH_USER_PATHS = NO;
				CLANG_ANALYZER_NONNULL = YES;
				CLANG_ANALYZER_NUMBER_OBJECT_CONVERSION = YES_AGGRESSIVE;
				CLANG_CXX_LANGUAGE_STANDARD = "gnu++20";
				CLANG_ENABLE_MODULES = YES;
				CLANG_ENABLE_OBJC_ARC = YES;
				CLANG_ENABLE_OBJC_WEAK = YES;
				CLANG_WARN_BLOCK_CAPTURE_AUTORELEASING = YES;
				CLANG_WARN_BOOL_CONVERSION = YES;
				CLANG_WARN_COMMA = YES;
				CLANG_WARN_CONSTANT_CONVERSION = YES;
				CLANG_WARN_DEPRECATED_OBJC_IMPLEMENTATIONS = YES;
				CLANG_WARN_DIRECT_OBJC_ISA_USAGE = YES_ERROR;
				CLANG_WARN_DOCUMENTATION_COMMENTS = YES;
				CLANG_WARN_EMPTY_BODY = YES;
				CLANG_WARN_ENUM_CONVERSION = YES;
				CLANG_WARN_INFINITE_RECURSION = YES;
				CLANG_WARN_INT_CONVERSION = YES;
				CLANG_WARN_NON_LITERAL_NULL_CONVERSION = YES;
				CLANG_WARN_OBJC_IMPLICIT_RETAIN_SELF = YES;
				CLANG_WARN_OBJC_LITERAL_CONVERSION = YES;
				CLANG_WARN_OBJC_ROOT_CLASS = YES_ERROR;
				CLANG_WARN_QUOTED_INCLUDE_IN_FRAMEWORK_HEADER = YES;
				CLANG_WARN_RANGE_LOOP_ANALYSIS = YES;
				CLANG_WARN_STRICT_PROTOTYPES = YES;
				CLANG_WARN_SUSPICIOUS_MOVE = YES;
				CLANG_WARN_UNGUARDED_AVAILABILITY = YES_AGGRESSIVE;
				CLANG_WARN_UNREACHABLE_CODE = YES;
				CLANG_WARN__DUPLICATE_METHOD_MATCH = YES;
				COPY_PHASE_STRIP = NO;
				DEBUG_INFORMATION_FORMAT = "dwarf-with-dsym";
				ENABLE_NS_ASSERTIONS = NO;
				ENABLE_STRICT_OBJC_MSGSEND = YES;
				GCC_C_LANGUAGE_STANDARD = gnu11;
				GCC_NO_COMMON_BLOCKS = YES;
				GCC_WARN_64_TO_32_BIT_CONVERSION = YES;
				GCC_WARN_ABOUT_RETURN_TYPE = YES_ERROR;
				GCC_WARN_UNDECLARED_SELECTOR = YES;
				GCC_WARN_UNINITIALIZED_AUTOS = YES_AGGRESSIVE;
				GCC_WARN_UNUSED_FUNCTION = YES;
				GCC_WARN_UNUSED_VARIABLE = YES;
				IPHONEOS_DEPLOYMENT_TARGET = 16.4;
				MTL_ENABLE_DEBUG_INFO = NO;
				MTL_FAST_MATH = YES;
				SDKROOT = iphoneos;
				SWIFT_COMPILATION_MODE = wholemodule;
				SWIFT_OPTIMIZATION_LEVEL = "-O";
				VALIDATE_PRODUCT = YES;
			};
			name = Release;
		};
		9D9B50692A9FB6BB003F64DA /* Debug */ = {
			isa = XCBuildConfiguration;
			buildSettings = {
				ASSETCATALOG_COMPILER_APPICON_NAME = AppIcon;
				ASSETCATALOG_COMPILER_GLOBAL_ACCENT_COLOR_NAME = AccentColor;
				CODE_SIGN_STYLE = Automatic;
				CURRENT_PROJECT_VERSION = 1;
				DEVELOPMENT_TEAM = 34UB5HMPNV;
				GENERATE_INFOPLIST_FILE = YES;
				INFOPLIST_FILE = TestHotelApp/Info.plist;
				INFOPLIST_KEY_UIApplicationSupportsIndirectInputEvents = YES;
				INFOPLIST_KEY_UILaunchStoryboardName = LaunchScreen;
				INFOPLIST_KEY_UIMainStoryboardFile = Main;
				INFOPLIST_KEY_UISupportedInterfaceOrientations = UIInterfaceOrientationPortrait;
				IPHONEOS_DEPLOYMENT_TARGET = 16;
				LD_RUNPATH_SEARCH_PATHS = (
					"$(inherited)",
					"@executable_path/Frameworks",
				);
				MARKETING_VERSION = 1.0;
				PRODUCT_BUNDLE_IDENTIFIER = ilyaagoryaev.TestHotelApp;
				PRODUCT_NAME = "$(TARGET_NAME)";
				SUPPORTED_PLATFORMS = "iphoneos iphonesimulator";
				SUPPORTS_MACCATALYST = NO;
				SUPPORTS_MAC_DESIGNED_FOR_IPHONE_IPAD = NO;
				SWIFT_EMIT_LOC_STRINGS = YES;
				SWIFT_VERSION = 5.0;
				TARGETED_DEVICE_FAMILY = 1;
			};
			name = Debug;
		};
		9D9B506A2A9FB6BB003F64DA /* Release */ = {
			isa = XCBuildConfiguration;
			buildSettings = {
				ASSETCATALOG_COMPILER_APPICON_NAME = AppIcon;
				ASSETCATALOG_COMPILER_GLOBAL_ACCENT_COLOR_NAME = AccentColor;
				CODE_SIGN_STYLE = Automatic;
				CURRENT_PROJECT_VERSION = 1;
				DEVELOPMENT_TEAM = 34UB5HMPNV;
				GENERATE_INFOPLIST_FILE = YES;
				INFOPLIST_FILE = TestHotelApp/Info.plist;
				INFOPLIST_KEY_UIApplicationSupportsIndirectInputEvents = YES;
				INFOPLIST_KEY_UILaunchStoryboardName = LaunchScreen;
				INFOPLIST_KEY_UIMainStoryboardFile = Main;
				INFOPLIST_KEY_UISupportedInterfaceOrientations = UIInterfaceOrientationPortrait;
				IPHONEOS_DEPLOYMENT_TARGET = 16;
				LD_RUNPATH_SEARCH_PATHS = (
					"$(inherited)",
					"@executable_path/Frameworks",
				);
				MARKETING_VERSION = 1.0;
				PRODUCT_BUNDLE_IDENTIFIER = ilyaagoryaev.TestHotelApp;
				PRODUCT_NAME = "$(TARGET_NAME)";
				SUPPORTED_PLATFORMS = "iphoneos iphonesimulator";
				SUPPORTS_MACCATALYST = NO;
				SUPPORTS_MAC_DESIGNED_FOR_IPHONE_IPAD = NO;
				SWIFT_EMIT_LOC_STRINGS = YES;
				SWIFT_VERSION = 5.0;
				TARGETED_DEVICE_FAMILY = 1;
			};
			name = Release;
		};
/* End XCBuildConfiguration section */

/* Begin XCConfigurationList section */
		9D9B504F2A9FB6B9003F64DA /* Build configuration list for PBXProject "TestHotelApp" */ = {
			isa = XCConfigurationList;
			buildConfigurations = (
				9D9B50662A9FB6BB003F64DA /* Debug */,
				9D9B50672A9FB6BB003F64DA /* Release */,
			);
			defaultConfigurationIsVisible = 0;
			defaultConfigurationName = Release;
		};
		9D9B50682A9FB6BB003F64DA /* Build configuration list for PBXNativeTarget "TestHotelApp" */ = {
			isa = XCConfigurationList;
			buildConfigurations = (
				9D9B50692A9FB6BB003F64DA /* Debug */,
				9D9B506A2A9FB6BB003F64DA /* Release */,
			);
			defaultConfigurationIsVisible = 0;
			defaultConfigurationName = Release;
		};
/* End XCConfigurationList section */
	};
	rootObject = 9D9B504C2A9FB6B9003F64DA /* Project object */;
}
